
Microsoft Visual Studio Solution File, Format Version 12.00
# Visual Studio Version 17
VisualStudioVersion = 17.7.34003.232
MinimumVisualStudioVersion = 10.0.40219.1
Project("{FAE04EC0-301F-11D3-BF4B-00C04F79EFBC}") = "NewSecond", "NewSecond.csproj", "{3E017CD6-1E4F-4EF1-8DA3-2070059B5186}"
EndProject
Global
	GlobalSection(SolutionConfigurationPlatforms) = preSolution
		Debug|Any CPU = Debug|Any CPU
		Release|Any CPU = Release|Any CPU
	EndGlobalSection
	GlobalSection(ProjectConfigurationPlatforms) = postSolution
		{3E017CD6-1E4F-4EF1-8DA3-2070059B5186}.Debug|Any CPU.ActiveCfg = Debug|Any CPU
		{3E017CD6-1E4F-4EF1-8DA3-2070059B5186}.Debug|Any CPU.Build.0 = Debug|Any CPU
		{3E017CD6-1E4F-4EF1-8DA3-2070059B5186}.Release|Any CPU.ActiveCfg = Release|Any CPU
		{3E017CD6-1E4F-4EF1-8DA3-2070059B5186}.Release|Any CPU.Build.0 = Release|Any CPU
	EndGlobalSection
	GlobalSection(SolutionProperties) = preSolution
		HideSolutionNode = FALSE
	EndGlobalSection
	GlobalSection(ExtensibilityGlobals) = postSolution
		SolutionGuid = {4B84E484-6B0C-48B9-806C-D1588CE3C98D}
	EndGlobalSection
EndGlobal
